{
 ".claude/check.sh": "91c1e681220ba845081ce516c8633af7fe6403588244b3d27ec776020a452672",
 "hooks/auto-push-memory.sh": "29beec6b965ecf0af9aa09f90a675957aab194f7c16587cc787e6f8e3ebef09b",
 "hooks/capture-ai-usage.sh": "c577d5e3506c7c4c17ff888e20612686094fabf768675cf3562bbaf1624f069b",
 "hooks/capture-commits.sh": "a4c5024decc07b2cd9143823e788ef902919bff898c62692d4caeb0f3de35f53",
 "hooks/capture-friction.sh": "5e8088ba4b54fcf955078e458ff27a15691de556f90f8cc6b33489a870b51f4b",
 "hooks/changed-file-check.sh": "25a9e2932b15217837c2a209c42cb576b87fe1b1a231387bf0eb3981ebf10c7d",
 "hooks/comment-bloat-check.sh": "714b6584c8018b490f82889870f0fdc890548ab0e32b38ae90b2e69935343172",
 "hooks/commit-msg-guard.sh": "4b0bcffc00ea4432bdf4bd4d335f09e32373017e7cba686c06944675dc855407",
 "hooks/friction-classify.sh": "1d04a39f6f422c56e8bebfd5e92f436352102a3ee453e7dcb9afd75ce7335555",
 "hooks/git-freshness-seal.sh": "655361e66b14825d85ceb52a4db1e21550b4fa136b0b29b6164411d2d419400a",
 "hooks/git-freshness.sh": "6ad265023fd04cddfb82adda8236ecb0076e82b2cbb73061d3449adc5f8266c0",
 "hooks/memory-guard.sh": "2ec7441b3a0b0d4da2c4a650f51f9f0083fab2e0d6bb20849475cae948ea1ee1",
 "hooks/memory-integrity.sh": "4017661bd4656e46edf2da10fc481ee7d788ecd255876fc1f6b767c5bbcbee33",
 "hooks/message-delivery-tripwire.sh": "6fad4cc8b6e7f27becbbd1944afbb6db925a9832e7c3b42d15b872781a030524",
 "hooks/migration-name-guard.sh": "5204b42433920ffad6ffb4c31cdf276c298c375bc9e8019ec15ecde53e5e902c",
 "hooks/model-gate.sh": "f4e9aa5e6ee3b2f15f1d526bf73434a8bec2840cf21bc86b6fca3d080935502e",
 "hooks/new-work-doc.sh": "d6a5f2a2b3aff756109c9e87b4ba031e5c3e2e2e61e85dcf1cc9f95c7816181e",
 "hooks/pg-session-state-guard.sh": "7251954f10de4aa17edc884916f8041bf33869f6511174f6eaf8e957820490e7",
 "hooks/pre-push-guard.sh": "c47e95d388d690c0192330003abd43f4cd171dacdfa9cdad9941e0a927d5dee0",
 "hooks/precompact-snapshot.sh": "b76c3517879253624d1e8058282779d12b2db1a9d6a0ac126a81936d06187bd2",
 "hooks/resource-guard.sh": "c8be2876772f962fac853a29cbb9c47faba094389011f1dff19cad82c1695a59",
 "hooks/resource-watchdog.sh": "8eb0fe390d246d39e05f04690d3f2e9d05f60224830b17f02192efb332af80f0",
 "hooks/skill-usage.sh": "a0b3cd109d28e5462d565d9bac09049e54b5069551a7da062540e8b1ecf5ba52",
 "hooks/spec/capture-commits-lock.test.sh": "c65c140139d2c1289d29f440424c1cf8e1c1d50d9ec76c54a9a5fd5aa16be6c3",
 "hooks/spec/capture-friction-metadata.test.sh": "5c6f803cb3df16e236faa790726b155a43846b61ea345b18cf04fe8b514fa791",
 "hooks/spec/deny-gates.test.sh": "2f042478ea49128b5e6eb6f70dc4417f7e20589bcd9bd1b9e6f7bba199653c03",
 "hooks/spec/due-schedule.test.sh": "6080a02d24f47f21e7407171ec9fdadb183c80205e99b8dbb46aa1ca3106e85a",
 "hooks/spec/friction-classify.test.sh": "56dc4240199582ee5e81f8324798e01bb61fd2fa36c1e77185820274f2a8bb2e",
 "hooks/spec/migration-name-guard.test.sh": "6e88f571fc14fa36c727f27156c70dbaeb574cf1637c4e12e7a80b32e5e608a6",
 "hooks/spec/new-work-doc.test.sh": "6c432b8ffb4376f213d31497ea6ee066e75e25e4364ac0a28ec135a2304ff624",
 "hooks/spec/pg-session-state-guard.test.sh": "7498d0a54d0f448aae5dc079415f7f3852ef2403ec6c68b30852e2aa82896ecd",
 "hooks/spec/pre-push-guard.test.sh": "35377271d418ec71dcaae883c5209d7fbce621501189f412c332e2a5ea1ef338",
 "hooks/spec/prefilter-registries.test.sh": "08e9637fe956392e3708a95a6cf0fc99ac211b08bd203a73eeac3e020a5f910f",
 "hooks/spec/resource-guard-queues.test.sh": "153d7b263c9f195f7f95d79bffcc4cfede9d0bcfeb3296de11838fb3073bf7e0",
 "hooks/spec/run-all-generation.test.sh": "b242c6487cb482127d446c32db5f9618ec785c71ed4f1b8e1da8d33b806fb856",
 "hooks/spec/run-all.sh": "21ad2995b66f1549f2e55c4db1419f8771937218af067d1612316c6bdd908925",
 "hooks/spec/strict-field-contracts.test.sh": "2fe43f875cf92f5c5729339618a399a372ef3000a23312a464edf2cd066b1c15",
 "hooks/spec/telemetry-metadata.test.sh": "c54e39094da8b8d8c0281f7878b5fc84b81a2c4470c561c98d015b47fbb536b2",
 "hooks/spec/tree-sweep.test.sh": "df71b58b008ec8c3b1ee29fc47bc122356f60389e0ce26589acde38b8d0c4894",
 "hooks/telemetry.py": "b07fc81af7ffe6a1beaca1d433b01a8409ce5f894c09c220e1b3e101d6858709",
 "hooks/tree-sweep.sh": "0f2efa6fa27fc0f47d391a23d7321a7ddcfaa795ca8341bbb2ef76057ce4aeb4",
 "hooks/work-docs-reminder.sh": "dd8f449d4e17d4ce958efa2cdd344c3d0610637ebec3391164c1fd4e2bade1c3",
 "hooks/workflow-friction-gate.sh": "55b6f7298d069e6b385a54322c94b7eb05755425b1086ee45411949f22f3a8d9",
 "scripts/due.sh": "5126dcf3e4ae4d3780cd799136563fcb4e521b17f3c9c12052432c492436b2d6",
 "scripts/friction-prefilter.sh": "8767c06395f9b65a386136197519f4719b1dddff29d12ec35c2640319b6031f7"
}
